
Microsoft Visual Studio Solution File, Format Version 12.00
# Visual Studio 15
VisualStudioVersion = 15.0.27703.2035
MinimumVisualStudioVersion = 10.0.40219.1
Project("{FAE04EC0-301F-11D3-BF4B-00C04F79EFBC}") = "DES_FINALIE", "DES_FINALIE\DES_FINALIE.csproj", "{990CB84F-71E8-4B87-8797-98D26F746950}"
EndProject
Global
	GlobalSection(SolutionConfigurationPlatforms) = preSolution
		Debug|Any CPU = Debug|Any CPU
		Release|Any CPU = Release|Any CPU
	EndGlobalSection
	GlobalSection(ProjectConfigurationPlatforms) = postSolution
		{990CB84F-71E8-4B87-8797-98D26F746950}.Debug|Any CPU.ActiveCfg = Debug|Any CPU
		{990CB84F-71E8-4B87-8797-98D26F746950}.Debug|Any CPU.Build.0 = Debug|Any CPU
		{990CB84F-71E8-4B87-8797-98D26F746950}.Release|Any CPU.ActiveCfg = Release|Any CPU
		{990CB84F-71E8-4B87-8797-98D26F746950}.Release|Any CPU.Build.0 = Release|Any CPU
	EndGlobalSection
	GlobalSection(SolutionProperties) = preSolution
		HideSolutionNode = FALSE
	EndGlobalSection
	GlobalSection(ExtensibilityGlobals) = postSolution
		SolutionGuid = {8FBAB7E3-9D5F-4D38-AF74-8CBDCD1F1F20}
	EndGlobalSection
EndGlobal
